
Microsoft Visual Studio Solution File, Format Version 11.00
# Visual Studio 2010
Project("{FAE04EC0-301F-11D3-BF4B-00C04F79EFBC}") = "HttpRequester", "HttpRequester\HttpRequester.csproj", "{76DB2A11-7A74-4434-A5C3-5562EC37A323}"
EndProject
Project("{FAE04EC0-301F-11D3-BF4B-00C04F79EFBC}") = "SmtpClient", "SmtpClient\SmtpClient.csproj", "{A0DF6135-E490-4627-ABF4-04A9EF0BEBFF}"
EndProject
Project("{FAE04EC0-301F-11D3-BF4B-00C04F79EFBC}") = "TcpClient", "TcpClient\TcpClient.csproj", "{706A7632-8314-47E8-9B67-B2040F83F08F}"
EndProject
Project("{FAE04EC0-301F-11D3-BF4B-00C04F79EFBC}") = "TcpServer", "TcpServer\TcpServer.csproj", "{26FC522C-57FD-4344-9072-27F370DB4087}"
EndProject
Project("{FAE04EC0-301F-11D3-BF4B-00C04F79EFBC}") = "UdpClientServer", "UdpClientServer\UdpClientServer.csproj", "{DF8D4B04-920D-47DB-A68B-50A790E7E141}"
EndProject
Global
	GlobalSection(SolutionConfigurationPlatforms) = preSolution
		Debug|x86 = Debug|x86
		Release|x86 = Release|x86
	EndGlobalSection
	GlobalSection(ProjectConfigurationPlatforms) = postSolution
		{76DB2A11-7A74-4434-A5C3-5562EC37A323}.Debug|x86.ActiveCfg = Debug|x86
		{76DB2A11-7A74-4434-A5C3-5562EC37A323}.Debug|x86.Build.0 = Debug|x86
		{76DB2A11-7A74-4434-A5C3-5562EC37A323}.Release|x86.ActiveCfg = Release|x86
		{76DB2A11-7A74-4434-A5C3-5562EC37A323}.Release|x86.Build.0 = Release|x86
		{A0DF6135-E490-4627-ABF4-04A9EF0BEBFF}.Debug|x86.ActiveCfg = Debug|x86
		{A0DF6135-E490-4627-ABF4-04A9EF0BEBFF}.Debug|x86.Build.0 = Debug|x86
		{A0DF6135-E490-4627-ABF4-04A9EF0BEBFF}.Release|x86.ActiveCfg = Release|x86
		{A0DF6135-E490-4627-ABF4-04A9EF0BEBFF}.Release|x86.Build.0 = Release|x86
		{706A7632-8314-47E8-9B67-B2040F83F08F}.Debug|x86.ActiveCfg = Debug|x86
		{706A7632-8314-47E8-9B67-B2040F83F08F}.Debug|x86.Build.0 = Debug|x86
		{706A7632-8314-47E8-9B67-B2040F83F08F}.Release|x86.ActiveCfg = Release|x86
		{706A7632-8314-47E8-9B67-B2040F83F08F}.Release|x86.Build.0 = Release|x86
		{26FC522C-57FD-4344-9072-27F370DB4087}.Debug|x86.ActiveCfg = Debug|x86
		{26FC522C-57FD-4344-9072-27F370DB4087}.Debug|x86.Build.0 = Debug|x86
		{26FC522C-57FD-4344-9072-27F370DB4087}.Release|x86.ActiveCfg = Release|x86
		{26FC522C-57FD-4344-9072-27F370DB4087}.Release|x86.Build.0 = Release|x86
		{DF8D4B04-920D-47DB-A68B-50A790E7E141}.Debug|x86.ActiveCfg = Debug|x86
		{DF8D4B04-920D-47DB-A68B-50A790E7E141}.Debug|x86.Build.0 = Debug|x86
		{DF8D4B04-920D-47DB-A68B-50A790E7E141}.Release|x86.ActiveCfg = Release|x86
		{DF8D4B04-920D-47DB-A68B-50A790E7E141}.Release|x86.Build.0 = Release|x86
	EndGlobalSection
	GlobalSection(SolutionProperties) = preSolution
		HideSolutionNode = FALSE
	EndGlobalSection
EndGlobal
